PODS:
  - IQKeyboardManagerSwift (6.1.1)
  - SwiftLint (0.27.0)

DEPENDENCIES:
  - IQKeyboardManagerSwift
  - SwiftLint

SPEC REPOS:
  https://github.com/cocoapods/specs.git:
    - IQKeyboardManagerSwift
    - SwiftLint

SPEC CHECKSUMS:
  IQKeyboardManagerSwift: 977affaeb4d6e971975c7790a6850f31d38f1207
  SwiftLint: 3207c1faa2240bf8973b191820a116113cd11073

PODFILE CHECKSUM: 0aa7d5ede592de5df9752e328be4292b875e3baa

COCOAPODS: 1.5.3
